
Microsoft Visual Studio Solution File, Format Version 12.00
# Visual Studio Version 16
VisualStudioVersion = 16.0.30717.126
MinimumVisualStudioVersion = 10.0.40219.1
Project("{9A19103F-16F7-4668-BE54-9A1E7A4F7556}") = "Inventario.COMMON", "Inventario.COMMON\Inventario.COMMON.csproj", "{D326856C-6F9C-4302-A69A-868678833BD8}"
EndProject
Project("{9A19103F-16F7-4668-BE54-9A1E7A4F7556}") = "Inventario.DAL", "Inventario.DAL\Inventario.DAL.csproj", "{D15CA7EA-FFC7-47FE-8C2D-C61AE641C33A}"
EndProject
Project("{9A19103F-16F7-4668-BE54-9A1E7A4F7556}") = "Inventario.BIZ", "Inventario.BIZ\Inventario.BIZ.csproj", "{4B218979-A4D3-496A-B498-A54904343C76}"
EndProject
Project("{FAE04EC0-301F-11D3-BF4B-00C04F79EFBC}") = "Inventario.GUI.Administrador", "Inventario.GUI.Administrador\Inventario.GUI.Administrador.csproj", "{9344E558-0A45-41C2-B64E-AAE1432E99A8}"
EndProject
Global
	GlobalSection(SolutionConfigurationPlatforms) = preSolution
		Debug|Any CPU = Debug|Any CPU
		Release|Any CPU = Release|Any CPU
	EndGlobalSection
	GlobalSection(ProjectConfigurationPlatforms) = postSolution
		{D326856C-6F9C-4302-A69A-868678833BD8}.Debug|Any CPU.ActiveCfg = Debug|Any CPU
		{D326856C-6F9C-4302-A69A-868678833BD8}.Debug|Any CPU.Build.0 = Debug|Any CPU
		{D326856C-6F9C-4302-A69A-868678833BD8}.Release|Any CPU.ActiveCfg = Release|Any CPU
		{D326856C-6F9C-4302-A69A-868678833BD8}.Release|Any CPU.Build.0 = Release|Any CPU
		{D15CA7EA-FFC7-47FE-8C2D-C61AE641C33A}.Debug|Any CPU.ActiveCfg = Debug|Any CPU
		{D15CA7EA-FFC7-47FE-8C2D-C61AE641C33A}.Debug|Any CPU.Build.0 = Debug|Any CPU
		{D15CA7EA-FFC7-47FE-8C2D-C61AE641C33A}.Release|Any CPU.ActiveCfg = Release|Any CPU
		{D15CA7EA-FFC7-47FE-8C2D-C61AE641C33A}.Release|Any CPU.Build.0 = Release|Any CPU
		{4B218979-A4D3-496A-B498-A54904343C76}.Debug|Any CPU.ActiveCfg = Debug|Any CPU
		{4B218979-A4D3-496A-B498-A54904343C76}.Debug|Any CPU.Build.0 = Debug|Any CPU
		{4B218979-A4D3-496A-B498-A54904343C76}.Release|Any CPU.ActiveCfg = Release|Any CPU
		{4B218979-A4D3-496A-B498-A54904343C76}.Release|Any CPU.Build.0 = Release|Any CPU
		{9344E558-0A45-41C2-B64E-AAE1432E99A8}.Debug|Any CPU.ActiveCfg = Debug|Any CPU
		{9344E558-0A45-41C2-B64E-AAE1432E99A8}.Debug|Any CPU.Build.0 = Debug|Any CPU
		{9344E558-0A45-41C2-B64E-AAE1432E99A8}.Release|Any CPU.ActiveCfg = Release|Any CPU
		{9344E558-0A45-41C2-B64E-AAE1432E99A8}.Release|Any CPU.Build.0 = Release|Any CPU
	EndGlobalSection
	GlobalSection(SolutionProperties) = preSolution
		HideSolutionNode = FALSE
	EndGlobalSection
	GlobalSection(ExtensibilityGlobals) = postSolution
		SolutionGuid = {55284479-F890-42BF-9EB1-6371C50180B4}
	EndGlobalSection
EndGlobal
